
Microsoft Visual Studio Solution File, Format Version 12.00
# Visual Studio Version 17
VisualStudioVersion = 17.4.33122.133
MinimumVisualStudioVersion = 10.0.40219.1
Project("{FAE04EC0-301F-11D3-BF4B-00C04F79EFBC}") = "NoteWeb", "NoteWeb\NoteWeb.csproj", "{35DDD38C-5E0F-440B-B615-C176895EF334}"
EndProject
Project("{FAE04EC0-301F-11D3-BF4B-00C04F79EFBC}") = "NoteWebApi", "NoteWebApi\NoteWebApi.csproj", "{96DD6688-1D2C-4BDB-A666-684200C8A58E}"
EndProject
Project("{2150E333-8FDC-42A3-9474-1A3956D46DE8}") = "Design", "Design", "{C022F498-11FD-4E91-AB3A-75F13867AA8D}"
EndProject
Project("{2150E333-8FDC-42A3-9474-1A3956D46DE8}") = "Mobile", "Mobile", "{475F4316-8215-4767-84AF-4F41F497CEBB}"
EndProject
Global
	GlobalSection(SolutionConfigurationPlatforms) = preSolution
		Debug|Any CPU = Debug|Any CPU
		Release|Any CPU = Release|Any CPU
	EndGlobalSection
	GlobalSection(ProjectConfigurationPlatforms) = postSolution
		{35DDD38C-5E0F-440B-B615-C176895EF334}.Debug|Any CPU.ActiveCfg = Debug|Any CPU
		{35DDD38C-5E0F-440B-B615-C176895EF334}.Debug|Any CPU.Build.0 = Debug|Any CPU
		{35DDD38C-5E0F-440B-B615-C176895EF334}.Release|Any CPU.ActiveCfg = Release|Any CPU
		{35DDD38C-5E0F-440B-B615-C176895EF334}.Release|Any CPU.Build.0 = Release|Any CPU
		{96DD6688-1D2C-4BDB-A666-684200C8A58E}.Debug|Any CPU.ActiveCfg = Debug|Any CPU
		{96DD6688-1D2C-4BDB-A666-684200C8A58E}.Debug|Any CPU.Build.0 = Debug|Any CPU
		{96DD6688-1D2C-4BDB-A666-684200C8A58E}.Release|Any CPU.ActiveCfg = Release|Any CPU
		{96DD6688-1D2C-4BDB-A666-684200C8A58E}.Release|Any CPU.Build.0 = Release|Any CPU
	EndGlobalSection
	GlobalSection(SolutionProperties) = preSolution
		HideSolutionNode = FALSE
	EndGlobalSection
	GlobalSection(ExtensibilityGlobals) = postSolution
		SolutionGuid = {1BE23227-A218-4ADC-8355-6AF1A2674238}
	EndGlobalSection
EndGlobal
